
Microsoft Visual Studio Solution File, Format Version 12.00
# Visual Studio Version 17
VisualStudioVersion = 17.5.33516.290
MinimumVisualStudioVersion = 10.0.40219.1
Project("{FAE04EC0-301F-11D3-BF4B-00C04F79EFBC}") = "csharp-biblioteca", "csharp-biblioteca\csharp-biblioteca.csproj", "{54815022-B598-4E9B-BC01-97EF3DA9A898}"
EndProject
Global
	GlobalSection(SolutionConfigurationPlatforms) = preSolution
		Debug|Any CPU = Debug|Any CPU
		Release|Any CPU = Release|Any CPU
	EndGlobalSection
	GlobalSection(ProjectConfigurationPlatforms) = postSolution
		{54815022-B598-4E9B-BC01-97EF3DA9A898}.Debug|Any CPU.ActiveCfg = Debug|Any CPU
		{54815022-B598-4E9B-BC01-97EF3DA9A898}.Debug|Any CPU.Build.0 = Debug|Any CPU
		{54815022-B598-4E9B-BC01-97EF3DA9A898}.Release|Any CPU.ActiveCfg = Release|Any CPU
		{54815022-B598-4E9B-BC01-97EF3DA9A898}.Release|Any CPU.Build.0 = Release|Any CPU
	EndGlobalSection
	GlobalSection(SolutionProperties) = preSolution
		HideSolutionNode = FALSE
	EndGlobalSection
	GlobalSection(ExtensibilityGlobals) = postSolution
		SolutionGuid = {BD4F7254-E2D7-4B34-9CCB-E09375EA13C8}
	EndGlobalSection
EndGlobal
